{
  "name": "prototiming",
  "version": "1.0.0",
  "lockfileVersion": 3,
  "requires": true,
  "packages": {
    "": {
      "name": "prototiming",
      "version": "1.0.0",
      "dependencies": {
        "@bufbuild/buf": "^1.37.0",
        "@bufbuild/protobuf": "^2.0.0",
        "@bufbuild/protoc-gen-es": "^2.0.0",
        "google-protobuf": "^3.21.4"
      }
    },
    "node_modules/@bufbuild/buf": {
      "version": "1.37.0",
      "resolved": "https://registry.npmjs.org/@bufbuild/buf/-/buf-1.37.0.tgz",
      "integrity": "sha512-33Rp90nRa7ebTwAjI8Yc7f8WOQMOEfRM0mg/o1bkNvE6cGQhYiq82Ag27pcegvYIyXl413XCeLMAUegsqjuFqw==",
      "hasInstallScript": true,
      "license": "Apache-2.0",
      "bin": {
        "buf": "bin/buf",
        "protoc-gen-buf-breaking": "bin/protoc-gen-buf-breaking",
        "protoc-gen-buf-lint": "bin/protoc-gen-buf-lint"
      },
      "engines": {
        "node": ">=12"
      },
      "optionalDependencies": {
        "@bufbuild/buf-darwin-arm64": "1.37.0",
        "@bufbuild/buf-darwin-x64": "1.37.0",
        "@bufbuild/buf-linux-aarch64": "1.37.0",
        "@bufbuild/buf-linux-x64": "1.37.0",
        "@bufbuild/buf-win32-arm64": "1.37.0",
        "@bufbuild/buf-win32-x64": "1.37.0"
      }
    },
    "node_modules/@bufbuild/buf-darwin-arm64": {
      "version": "1.37.0",
      "resolved": "https://registry.npmjs.org/@bufbuild/buf-darwin-arm64/-/buf-darwin-arm64-1.37.0.tgz",
      "integrity": "sha512-YrT0HqLf7qJJ9VjXmnG900oGOjskerqfY4UTbpLb67b76uRxZm7pfSfqpM4bCaSru4j6GPBDwH9dkwiuNOenEA==",
      "cpu": [
        "arm64"
      ],
      "license": "Apache-2.0",
      "optional": true,
      "os": [
        "darwin"
      ],
      "engines": {
        "node": ">=12"
      }
    },
    "node_modules/@bufbuild/buf-darwin-x64": {
      "version": "1.37.0",
      "resolved": "https://registry.npmjs.org/@bufbuild/buf-darwin-x64/-/buf-darwin-x64-1.37.0.tgz",
      "integrity": "sha512-c1iDr1LaYcdzAK7v4ZBTiYVRPltPa1UNFQ3JJ6BI/RUaBk/eYFsykuNtsJQb5lXh/usjMz76juzOxAdYikcw7w==",
      "cpu": [
        "x64"
      ],
      "license": "Apache-2.0",
      "optional": true,
      "os": [
        "darwin"
      ],
      "engines": {
        "node": ">=12"
      }
    },
    "node_modules/@bufbuild/buf-linux-aarch64": {
      "version": "1.37.0",
      "resolved": "https://registry.npmjs.org/@bufbuild/buf-linux-aarch64/-/buf-linux-aarch64-1.37.0.tgz",
      "integrity": "sha512-ENaCLU4XZxQFc6+pWjNGeKITlzY0jYeEmz6R2cEeR9kVl+HyNNcTMaKxdffG5HNU5Ci1dC3pSY/ZIF3ck8UHVw==",
      "cpu": [
        "arm64"
      ],
      "license": "Apache-2.0",
      "optional": true,
      "os": [
        "linux"
      ],
      "engines": {
        "node": ">=12"
      }
    },
    "node_modules/@bufbuild/buf-linux-x64": {
      "version": "1.37.0",
      "resolved": "https://registry.npmjs.org/@bufbuild/buf-linux-x64/-/buf-linux-x64-1.37.0.tgz",
      "integrity": "sha512-/buQuUaBVU4rYqdoS/xmbyohJFaE4uy7boHMabCnI2aLsVBNPHYa/k0JMc+ZDRqgq0Wnth9VbIHn6DSGHG+cmw==",
      "cpu": [
        "x64"
      ],
      "license": "Apache-2.0",
      "optional": true,
      "os": [
        "linux"
      ],
      "engines": {
        "node": ">=12"
      }
    },
    "node_modules/@bufbuild/buf-win32-arm64": {
      "version": "1.37.0",
      "resolved": "https://registry.npmjs.org/@bufbuild/buf-win32-arm64/-/buf-win32-arm64-1.37.0.tgz",
      "integrity": "sha512-5Y1aaHge9iQP+YNyxUayMd+rSVbjNXLBXniJDQhim56B+6eufPiKzmTgAKjDE9hGTT+mcBdLznrCMI0fzDLHJw==",
      "cpu": [
        "arm64"
      ],
      "license": "Apache-2.0",
      "optional": true,
      "os": [
        "win32"
      ],
      "engines": {
        "node": ">=12"
      }
    },
    "node_modules/@bufbuild/buf-win32-x64": {
      "version": "1.37.0",
      "resolved": "https://registry.npmjs.org/@bufbuild/buf-win32-x64/-/buf-win32-x64-1.37.0.tgz",
      "integrity": "sha512-2BioEPdC6EM5zEKmTmM14ZJuuPjKuYIvoAwQ4hoCSJBllIhGvshk61NDYBorr1huEEq6baa4ITL/gWHJ86B0bw==",
      "cpu": [
        "x64"
      ],
      "license": "Apache-2.0",
      "optional": true,
      "os": [
        "win32"
      ],
      "engines": {
        "node": ">=12"
      }
    },
    "node_modules/@bufbuild/protobuf": {
      "version": "2.0.0",
      "resolved": "https://registry.npmjs.org/@bufbuild/protobuf/-/protobuf-2.0.0.tgz",
      "integrity": "sha512-sw2JhwJyvyL0zlhG61aDzOVryEfJg2PDZFSV7i7IdC7nAE41WuXCru3QWLGiP87At0BMzKOoKO/FqEGoKygGZQ==",
      "license": "(Apache-2.0 AND BSD-3-Clause)"
    },
    "node_modules/@bufbuild/protoc-gen-es": {
      "version": "2.0.0",
      "resolved": "https://registry.npmjs.org/@bufbuild/protoc-gen-es/-/protoc-gen-es-2.0.0.tgz",
      "integrity": "sha512-xXDrDFjSD97jGu9RMA8O4Myj66DdCLOFeYG7Z0mX1aCE9hayymfor+BKgKCQouUfty6CYv8709FPYpEtDurLFQ==",
      "license": "Apache-2.0",
      "dependencies": {
        "@bufbuild/protobuf": "^2.0.0",
        "@bufbuild/protoplugin": "2.0.0"
      },
      "bin": {
        "protoc-gen-es": "bin/protoc-gen-es"
      },
      "engines": {
        "node": ">=14"
      },
      "peerDependencies": {
        "@bufbuild/protobuf": "2.0.0"
      },
      "peerDependenciesMeta": {
        "@bufbuild/protobuf": {
          "optional": true
        }
      }
    },
    "node_modules/@bufbuild/protoplugin": {
      "version": "2.0.0",
      "resolved": "https://registry.npmjs.org/@bufbuild/protoplugin/-/protoplugin-2.0.0.tgz",
      "integrity": "sha512-y77IarGNbJfr5YZHQ+biO0O9B8rXicKLLOFRJu9mKr9LYE5/CLIKqonIBfkc/lggCK2YOtinjZJEYb39HymIog==",
      "license": "Apache-2.0",
      "dependencies": {
        "@bufbuild/protobuf": "2.0.0",
        "@typescript/vfs": "^1.5.2",
        "typescript": "5.4.5"
      }
    },
    "node_modules/@bufbuild/protoplugin/node_modules/typescript": {
      "version": "5.4.5",
      "resolved": "https://registry.npmjs.org/typescript/-/typescript-5.4.5.tgz",
      "integrity": "sha512-vcI4UpRgg81oIRUFwR0WSIHKt11nJ7SAVlYNIu+QpqeyXP+gpQJy/Z4+F0aGxSE4MqwjyXvW/TzgkLAx2AGHwQ==",
      "license": "Apache-2.0",
      "bin": {
        "tsc": "bin/tsc",
        "tsserver": "bin/tsserver"
      },
      "engines": {
        "node": ">=14.17"
      }
    },
    "node_modules/@typescript/vfs": {
      "version": "1.6.0",
      "resolved": "https://registry.npmjs.org/@typescript/vfs/-/vfs-1.6.0.tgz",
      "integrity": "sha512-hvJUjNVeBMp77qPINuUvYXj4FyWeeMMKZkxEATEU3hqBAQ7qdTBCUFT7Sp0Zu0faeEtFf+ldXxMEDr/bk73ISg==",
      "license": "MIT",
      "dependencies": {
        "debug": "^4.1.1"
      },
      "peerDependencies": {
        "typescript": "*"
      }
    },
    "node_modules/debug": {
      "version": "4.3.6",
      "resolved": "https://registry.npmjs.org/debug/-/debug-4.3.6.tgz",
      "integrity": "sha512-O/09Bd4Z1fBrU4VzkhFqVgpPzaGbw6Sm9FEkBT1A/YBXQFGuuSxa1dN2nxgxS34JmKXqYx8CZAwEVoJFImUXIg==",
      "license": "MIT",
      "dependencies": {
        "ms": "2.1.2"
      },
      "engines": {
        "node": ">=6.0"
      },
      "peerDependenciesMeta": {
        "supports-color": {
          "optional": true
        }
      }
    },
    "node_modules/google-protobuf": {
      "version": "3.21.4",
      "resolved": "https://registry.npmjs.org/google-protobuf/-/google-protobuf-3.21.4.tgz",
      "integrity": "sha512-MnG7N936zcKTco4Jd2PX2U96Kf9PxygAPKBug+74LHzmHXmceN16MmRcdgZv+DGef/S9YvQAfRsNCn4cjf9yyQ==",
      "license": "(BSD-3-Clause AND Apache-2.0)"
    },
    "node_modules/ms": {
      "version": "2.1.2",
      "resolved": "https://registry.npmjs.org/ms/-/ms-2.1.2.tgz",
      "integrity": "sha512-sGkPx+VjMtmA6MX27oA4FBFELFCZZ4S4XqeGOXCv68tT+jb3vk/RyaKWP0PTKyWtmLSM0b+adUTEvbs1PEaH2w==",
      "license": "MIT"
    },
    "node_modules/typescript": {
      "version": "5.5.4",
      "resolved": "https://registry.npmjs.org/typescript/-/typescript-5.5.4.tgz",
      "integrity": "sha512-Mtq29sKDAEYP7aljRgtPOpTvOfbwRWlS6dPRzwjdE+C0R4brX/GUyhHSecbHMFLNBLcJIPt9nl9yG5TZ1weH+Q==",
      "license": "Apache-2.0",
      "peer": true,
      "bin": {
        "tsc": "bin/tsc",
        "tsserver": "bin/tsserver"
      },
      "engines": {
        "node": ">=14.17"
      }
    }
  }
}
